// !$*UTF8*$!
{
	archiveVersion = 1;
	classes = {
	};
	objectVersion = 46;
	objects = {

/* Begin PBXBuildFile section */
		6001CE9A1F90E65900B4A0CE /* TabBarViewController.swift in Sources */ = {isa = PBXBuildFile; fileRef = 6001CE991F90E65900B4A0CE /* TabBarViewController.swift */; };
		605016EB1F604C20000A8428 /* AppDelegate.swift in Sources */ = {isa = PBXBuildFile; fileRef = 605016EA1F604C20000A8428 /* AppDelegate.swift */; };
		605016F21F604C20000A8428 /* Main.storyboard in Resources */ = {isa = PBXBuildFile; fileRef = 605016F01F604C20000A8428 /* Main.storyboard */; };
		605016F41F604C20000A8428 /* Assets.xcassets in Resources */ = {isa = PBXBuildFile; fileRef = 605016F31F604C20000A8428 /* Assets.xcassets */; };
		605016F71F604C20000A8428 /* LaunchScreen.storyboard in Resources */ = {isa = PBXBuildFile; fileRef = 605016F51F604C20000A8428 /* LaunchScreen.storyboard */; };
		605017201F604E21000A8428 /* LoginViewController.swift in Sources */ = {isa = PBXBuildFile; fileRef = 6050171F1F604E21000A8428 /* LoginViewController.swift */; };
		605017221F604E6A000A8428 /* RegisterViewController.swift in Sources */ = {isa = PBXBuildFile; fileRef = 605017211F604E6A000A8428 /* RegisterViewController.swift */; };
		605017291F6051DE000A8428 /* ProfileViewController.swift in Sources */ = {isa = PBXBuildFile; fileRef = 605017281F6051DE000A8428 /* ProfileViewController.swift */; };
		605017301F60528E000A8428 /* DiscoverViewController.swift in Sources */ = {isa = PBXBuildFile; fileRef = 6050172F1F60528E000A8428 /* DiscoverViewController.swift */; };
		605017321F605320000A8428 /* EventViewController.swift in Sources */ = {isa = PBXBuildFile; fileRef = 605017311F605320000A8428 /* EventViewController.swift */; };
		605017371F605A7B000A8428 /* EventDetailsViewController.swift in Sources */ = {isa = PBXBuildFile; fileRef = 605017361F605A7B000A8428 /* EventDetailsViewController.swift */; };
		6062B40D1F90AA54003489BF /* ForgotPasswordViewController.swift in Sources */ = {isa = PBXBuildFile; fileRef = 6062B40C1F90AA54003489BF /* ForgotPasswordViewController.swift */; };
		608A22961F93617D00DD9DE0 /* EventFlowViewController.swift in Sources */ = {isa = PBXBuildFile; fileRef = 608A22951F93617D00DD9DE0 /* EventFlowViewController.swift */; };
		608A22991F937BB200DD9DE0 /* HeaderCell.swift in Sources */ = {isa = PBXBuildFile; fileRef = 608A22981F937BB200DD9DE0 /* HeaderCell.swift */; };
		608A229B1F938BE800DD9DE0 /* EventNotificationViewController.swift in Sources */ = {isa = PBXBuildFile; fileRef = 608A229A1F938BE800DD9DE0 /* EventNotificationViewController.swift */; };
		60BEBAC21F93900900DC897C /* EventSurveyViewController.swift in Sources */ = {isa = PBXBuildFile; fileRef = 60BEBAC11F93900900DC897C /* EventSurveyViewController.swift */; };
		60BEBAC41F93913000DC897C /* SurveyModel.swift in Sources */ = {isa = PBXBuildFile; fileRef = 60BEBAC31F93913000DC897C /* SurveyModel.swift */; };
		60BEBAC61F93926400DC897C /* SurveyService.swift in Sources */ = {isa = PBXBuildFile; fileRef = 60BEBAC51F93926400DC897C /* SurveyService.swift */; };
		60BEBAC81F9394DA00DC897C /* EventHomeViewController.swift in Sources */ = {isa = PBXBuildFile; fileRef = 60BEBAC71F9394DA00DC897C /* EventHomeViewController.swift */; };
		60BEBACE1F93A33900DC897C /* EventFlowDetailViewController.swift in Sources */ = {isa = PBXBuildFile; fileRef = 60BEBACD1F93A33900DC897C /* EventFlowDetailViewController.swift */; };
		60BEBAD01F93A36100DC897C /* EventFlowDetailModel.swift in Sources */ = {isa = PBXBuildFile; fileRef = 60BEBACF1F93A36100DC897C /* EventFlowDetailModel.swift */; };
		60C4CE821F9295A1006607DE /* EventParticipantModel.swift in Sources */ = {isa = PBXBuildFile; fileRef = 60C4CE811F9295A1006607DE /* EventParticipantModel.swift */; };
		60C6C3531F64097900CCE3D9 /* EventTableViewCell.swift in Sources */ = {isa = PBXBuildFile; fileRef = 60C6C3521F64097900CCE3D9 /* EventTableViewCell.swift */; };
		60C6C3551F640ECE00CCE3D9 /* DiscoverTableViewCell.swift in Sources */ = {isa = PBXBuildFile; fileRef = 60C6C3541F640ECE00CCE3D9 /* DiscoverTableViewCell.swift */; };
		60C6C35A1F640FC800CCE3D9 /* BaseViewController.swift in Sources */ = {isa = PBXBuildFile; fileRef = 60C6C3591F640FC800CCE3D9 /* BaseViewController.swift */; };
		60D0FAED1F8617F8008A14E2 /* ResultModel.swift in Sources */ = {isa = PBXBuildFile; fileRef = 60D0FAEC1F8617F8008A14E2 /* ResultModel.swift */; };
		60D0FAEF1F861898008A14E2 /* EventModel.swift in Sources */ = {isa = PBXBuildFile; fileRef = 60D0FAEE1F861898008A14E2 /* EventModel.swift */; };
		60D95DD41F85668D00FF06C0 /* EventService.swift in Sources */ = {isa = PBXBuildFile; fileRef = 60D95DD31F85668D00FF06C0 /* EventService.swift */; };
		60DAF9111F8ED141000403C7 /* NotificationModel.swift in Sources */ = {isa = PBXBuildFile; fileRef = 60DAF9101F8ED141000403C7 /* NotificationModel.swift */; };
		60DAF9131F8ED1A3000403C7 /* NotificationService.swift in Sources */ = {isa = PBXBuildFile; fileRef = 60DAF9121F8ED1A3000403C7 /* NotificationService.swift */; };
		60DAF9151F8F5F2D000403C7 /* DiscoverEventModel.swift in Sources */ = {isa = PBXBuildFile; fileRef = 60DAF9141F8F5F2D000403C7 /* DiscoverEventModel.swift */; };
		60EFA58F1F744D8A00899A56 /* AccountService.swift in Sources */ = {isa = PBXBuildFile; fileRef = 60EFA58E1F744D8A00899A56 /* AccountService.swift */; };
		60EFA5911F744E6400899A56 /* TokenModel.swift in Sources */ = {isa = PBXBuildFile; fileRef = 60EFA5901F744E6400899A56 /* TokenModel.swift */; };
		60FCBB681F9357A6005172B3 /* EventFlowModel.swift in Sources */ = {isa = PBXBuildFile; fileRef = 60FCBB671F9357A6005172B3 /* EventFlowModel.swift */; };
/* End PBXBuildFile section */

/* Begin PBXFileReference section */
		6001CE991F90E65900B4A0CE /* TabBarViewController.swift */ = {isa = PBXFileReference; lastKnownFileType = sourcecode.swift; path = TabBarViewController.swift; sourceTree = "<group>"; };
		605016E71F604C20000A8428 /* Beamore.app */ = {isa = PBXFileReference; explicitFileType = wrapper.application; includeInIndex = 0; path = Beamore.app; sourceTree = BUILT_PRODUCTS_DIR; };
		605016EA1F604C20000A8428 /* AppDelegate.swift */ = {isa = PBXFileReference; lastKnownFileType = sourcecode.swift; path = AppDelegate.swift; sourceTree = "<group>"; };
		605016F11F604C20000A8428 /* Base */ = {isa = PBXFileReference; lastKnownFileType = file.storyboard; name = Base; path = Base.lproj/Main.storyboard; sourceTree = "<group>"; };
		605016F31F604C20000A8428 /* Assets.xcassets */ = {isa = PBXFileReference; lastKnownFileType = folder.assetcatalog; path = Assets.xcassets; sourceTree = "<group>"; };
		605016F61F604C20000A8428 /* Base */ = {isa = PBXFileReference; lastKnownFileType = file.storyboard; name = Base; path = Base.lproj/LaunchScreen.storyboard; sourceTree = "<group>"; };
		605016F81F604C20000A8428 /* Info.plist */ = {isa = PBXFileReference; lastKnownFileType = text.plist.xml; path = Info.plist; sourceTree = "<group>"; };
		6050171F1F604E21000A8428 /* LoginViewController.swift */ = {isa = PBXFileReference; fileEncoding = 4; lastKnownFileType = sourcecode.swift; path = LoginViewController.swift; sourceTree = "<group>"; };
		605017211F604E6A000A8428 /* RegisterViewController.swift */ = {isa = PBXFileReference; fileEncoding = 4; lastKnownFileType = sourcecode.swift; path = RegisterViewController.swift; sourceTree = "<group>"; };
		605017281F6051DE000A8428 /* ProfileViewController.swift */ = {isa = PBXFileReference; fileEncoding = 4; lastKnownFileType = sourcecode.swift; path = ProfileViewController.swift; sourceTree = "<group>"; };
		6050172F1F60528E000A8428 /* DiscoverViewController.swift */ = {isa = PBXFileReference; fileEncoding = 4; lastKnownFileType = sourcecode.swift; path = DiscoverViewController.swift; sourceTree = "<group>"; };
		605017311F605320000A8428 /* EventViewController.swift */ = {isa = PBXFileReference; fileEncoding = 4; lastKnownFileType = sourcecode.swift; path = EventViewController.swift; sourceTree = "<group>"; };
		605017361F605A7B000A8428 /* EventDetailsViewController.swift */ = {isa = PBXFileReference; fileEncoding = 4; lastKnownFileType = sourcecode.swift; path = EventDetailsViewController.swift; sourceTree = "<group>"; };
		6062B40C1F90AA54003489BF /* ForgotPasswordViewController.swift */ = {isa = PBXFileReference; lastKnownFileType = sourcecode.swift; path = ForgotPasswordViewController.swift; sourceTree = "<group>"; };
		608A22951F93617D00DD9DE0 /* EventFlowViewController.swift */ = {isa = PBXFileReference; lastKnownFileType = sourcecode.swift; path = EventFlowViewController.swift; sourceTree = "<group>"; };
		608A22981F937BB200DD9DE0 /* HeaderCell.swift */ = {isa = PBXFileReference; lastKnownFileType = sourcecode.swift; path = HeaderCell.swift; sourceTree = "<group>"; };
		608A229A1F938BE800DD9DE0 /* EventNotificationViewController.swift */ = {isa = PBXFileReference; lastKnownFileType = sourcecode.swift; path = EventNotificationViewController.swift; sourceTree = "<group>"; };
		60BEBAC11F93900900DC897C /* EventSurveyViewController.swift */ = {isa = PBXFileReference; lastKnownFileType = sourcecode.swift; path = EventSurveyViewController.swift; sourceTree = "<group>"; };
		60BEBAC31F93913000DC897C /* SurveyModel.swift */ = {isa = PBXFileReference; lastKnownFileType = sourcecode.swift; path = SurveyModel.swift; sourceTree = "<group>"; };
		60BEBAC51F93926400DC897C /* SurveyService.swift */ = {isa = PBXFileReference; lastKnownFileType = sourcecode.swift; path = SurveyService.swift; sourceTree = "<group>"; };
		60BEBAC71F9394DA00DC897C /* EventHomeViewController.swift */ = {isa = PBXFileReference; lastKnownFileType = sourcecode.swift; path = EventHomeViewController.swift; sourceTree = "<group>"; };
		60BEBACD1F93A33900DC897C /* EventFlowDetailViewController.swift */ = {isa = PBXFileReference; lastKnownFileType = sourcecode.swift; path = EventFlowDetailViewController.swift; sourceTree = "<group>"; };
		60BEBACF1F93A36100DC897C /* EventFlowDetailModel.swift */ = {isa = PBXFileReference; lastKnownFileType = sourcecode.swift; path = EventFlowDetailModel.swift; sourceTree = "<group>"; };
		60C4CE811F9295A1006607DE /* EventParticipantModel.swift */ = {isa = PBXFileReference; lastKnownFileType = sourcecode.swift; path = EventParticipantModel.swift; sourceTree = "<group>"; };
		60C6C3521F64097900CCE3D9 /* EventTableViewCell.swift */ = {isa = PBXFileReference; fileEncoding = 4; lastKnownFileType = sourcecode.swift; path = EventTableViewCell.swift; sourceTree = "<group>"; };
		60C6C3541F640ECE00CCE3D9 /* DiscoverTableViewCell.swift */ = {isa = PBXFileReference; fileEncoding = 4; lastKnownFileType = sourcecode.swift; path = DiscoverTableViewCell.swift; sourceTree = "<group>"; };
		60C6C3591F640FC800CCE3D9 /* BaseViewController.swift */ = {isa = PBXFileReference; fileEncoding = 4; lastKnownFileType = sourcecode.swift; path = BaseViewController.swift; sourceTree = "<group>"; };
		60D0FAEC1F8617F8008A14E2 /* ResultModel.swift */ = {isa = PBXFileReference; lastKnownFileType = sourcecode.swift; path = ResultModel.swift; sourceTree = "<group>"; };
		60D0FAEE1F861898008A14E2 /* EventModel.swift */ = {isa = PBXFileReference; lastKnownFileType = sourcecode.swift; path = EventModel.swift; sourceTree = "<group>"; };
		60D95DD31F85668D00FF06C0 /* EventService.swift */ = {isa = PBXFileReference; lastKnownFileType = sourcecode.swift; path = EventService.swift; sourceTree = "<group>"; };
		60DAF9101F8ED141000403C7 /* NotificationModel.swift */ = {isa = PBXFileReference; lastKnownFileType = sourcecode.swift; path = NotificationModel.swift; sourceTree = "<group>"; };
		60DAF9121F8ED1A3000403C7 /* NotificationService.swift */ = {isa = PBXFileReference; lastKnownFileType = sourcecode.swift; path = NotificationService.swift; sourceTree = "<group>"; };
		60DAF9141F8F5F2D000403C7 /* DiscoverEventModel.swift */ = {isa = PBXFileReference; lastKnownFileType = sourcecode.swift; path = DiscoverEventModel.swift; sourceTree = "<group>"; };
		60EFA58E1F744D8A00899A56 /* AccountService.swift */ = {isa = PBXFileReference; lastKnownFileType = sourcecode.swift; path = AccountService.swift; sourceTree = "<group>"; };
		60EFA5901F744E6400899A56 /* TokenModel.swift */ = {isa = PBXFileReference; lastKnownFileType = sourcecode.swift; path = TokenModel.swift; sourceTree = "<group>"; };
		60FCBB671F9357A6005172B3 /* EventFlowModel.swift */ = {isa = PBXFileReference; lastKnownFileType = sourcecode.swift; path = EventFlowModel.swift; sourceTree = "<group>"; };
/* End PBXFileReference section */

/* Begin PBXFrameworksBuildPhase section */
		605016E41F604C20000A8428 /* Frameworks */ = {
			isa = PBXFrameworksBuildPhase;
			buildActionMask = 2147483647;
			files = (
			);
			runOnlyForDeploymentPostprocessing = 0;
		};
/* End PBXFrameworksBuildPhase section */

/* Begin PBXGroup section */
		605016DE1F604C20000A8428 = {
			isa = PBXGroup;
			children = (
				605016E91F604C20000A8428 /* Beamore */,
				605016E81F604C20000A8428 /* Products */,
			);
			sourceTree = "<group>";
		};
		605016E81F604C20000A8428 /* Products */ = {
			isa = PBXGroup;
			children = (
				605016E71F604C20000A8428 /* Beamore.app */,
			);
			name = Products;
			sourceTree = "<group>";
		};
		605016E91F604C20000A8428 /* Beamore */ = {
			isa = PBXGroup;
			children = (
				605016EA1F604C20000A8428 /* AppDelegate.swift */,
				605016F31F604C20000A8428 /* Assets.xcassets */,
				605016F81F604C20000A8428 /* Info.plist */,
				6050171B1F604C5A000A8428 /* Controllers */,
				6050171A1F604C4C000A8428 /* Models */,
				605017261F60508F000A8428 /* Services */,
				6050171C1F604C73000A8428 /* Views */,
			);
			path = Beamore;
			sourceTree = "<group>";
		};
		6050171A1F604C4C000A8428 /* Models */ = {
			isa = PBXGroup;
			children = (
				60EFA5901F744E6400899A56 /* TokenModel.swift */,
				60D0FAEC1F8617F8008A14E2 /* ResultModel.swift */,
				60D0FAEE1F861898008A14E2 /* EventModel.swift */,
				60DAF9101F8ED141000403C7 /* NotificationModel.swift */,
				60DAF9141F8F5F2D000403C7 /* DiscoverEventModel.swift */,
				60C4CE811F9295A1006607DE /* EventParticipantModel.swift */,
				60FCBB671F9357A6005172B3 /* EventFlowModel.swift */,
				60BEBAC31F93913000DC897C /* SurveyModel.swift */,
				60BEBACF1F93A36100DC897C /* EventFlowDetailModel.swift */,
			);
			name = Models;
			sourceTree = "<group>";
		};
		6050171B1F604C5A000A8428 /* Controllers */ = {
			isa = PBXGroup;
			children = (
				60C6C3581F640FB000CCE3D9 /* Base */,
				6050171E1F604E03000A8428 /* Account */,
				605017271F60517A000A8428 /* Event */,
				605017351F605A64000A8428 /* EventDetails */,
				6050172E1F605234000A8428 /* Discover */,
				605017231F605018000A8428 /* Profile */,
				6001CE991F90E65900B4A0CE /* TabBarViewController.swift */,
			);
			name = Controllers;
			sourceTree = "<group>";
		};
		6050171C1F604C73000A8428 /* Views */ = {
			isa = PBXGroup;
			children = (
				605016F51F604C20000A8428 /* LaunchScreen.storyboard */,
				605016F01F604C20000A8428 /* Main.storyboard */,
			);
			name = Views;
			sourceTree = "<group>";
		};
		6050171E1F604E03000A8428 /* Account */ = {
			isa = PBXGroup;
			children = (
				6050171F1F604E21000A8428 /* LoginViewController.swift */,
				605017211F604E6A000A8428 /* RegisterViewController.swift */,
				6062B40C1F90AA54003489BF /* ForgotPasswordViewController.swift */,
			);
			name = Account;
			sourceTree = "<group>";
		};
		605017231F605018000A8428 /* Profile */ = {
			isa = PBXGroup;
			children = (
				605017281F6051DE000A8428 /* ProfileViewController.swift */,
			);
			name = Profile;
			sourceTree = "<group>";
		};
		605017261F60508F000A8428 /* Services */ = {
			isa = PBXGroup;
			children = (
				60EFA58E1F744D8A00899A56 /* AccountService.swift */,
				60D95DD31F85668D00FF06C0 /* EventService.swift */,
				60DAF9121F8ED1A3000403C7 /* NotificationService.swift */,
				60BEBAC51F93926400DC897C /* SurveyService.swift */,
			);
			name = Services;
			sourceTree = "<group>";
		};
		605017271F60517A000A8428 /* Event */ = {
			isa = PBXGroup;
			children = (
				605017431F605D3F000A8428 /* TableView */,
				605017311F605320000A8428 /* EventViewController.swift */,
			);
			name = Event;
			sourceTree = "<group>";
		};
		6050172E1F605234000A8428 /* Discover */ = {
			isa = PBXGroup;
			children = (
				605017441F605D46000A8428 /* TableView */,
				6050172F1F60528E000A8428 /* DiscoverViewController.swift */,
			);
			name = Discover;
			sourceTree = "<group>";
		};
		605017351F605A64000A8428 /* EventDetails */ = {
			isa = PBXGroup;
			children = (
				60BEBACC1F93A2E200DC897C /* Notification */,
				60BEBACB1F93A2DA00DC897C /* Survey */,
				60BEBACA1F93A2D200DC897C /* Home */,
				60BEBAC91F93A2BF00DC897C /* Flow */,
				605017361F605A7B000A8428 /* EventDetailsViewController.swift */,
			);
			name = EventDetails;
			sourceTree = "<group>";
		};
		605017431F605D3F000A8428 /* TableView */ = {
			isa = PBXGroup;
			children = (
				60C6C3521F64097900CCE3D9 /* EventTableViewCell.swift */,
			);
			name = TableView;
			sourceTree = "<group>";
		};
		605017441F605D46000A8428 /* TableView */ = {
			isa = PBXGroup;
			children = (
				60C6C3541F640ECE00CCE3D9 /* DiscoverTableViewCell.swift */,
			);
			name = TableView;
			sourceTree = "<group>";
		};
		608A22971F937B6E00DD9DE0 /* TableView */ = {
			isa = PBXGroup;
			children = (
				608A22981F937BB200DD9DE0 /* HeaderCell.swift */,
			);
			name = TableView;
			sourceTree = "<group>";
		};
		60BEBAC91F93A2BF00DC897C /* Flow */ = {
			isa = PBXGroup;
			children = (
				608A22971F937B6E00DD9DE0 /* TableView */,
				608A22951F93617D00DD9DE0 /* EventFlowViewController.swift */,
				60BEBACD1F93A33900DC897C /* EventFlowDetailViewController.swift */,
			);
			name = Flow;
			sourceTree = "<group>";
		};
		60BEBACA1F93A2D200DC897C /* Home */ = {
			isa = PBXGroup;
			children = (
				60BEBAC71F9394DA00DC897C /* EventHomeViewController.swift */,
			);
			name = Home;
			sourceTree = "<group>";
		};
		60BEBACB1F93A2DA00DC897C /* Survey */ = {
			isa = PBXGroup;
			children = (
				60BEBAC11F93900900DC897C /* EventSurveyViewController.swift */,
			);
			name = Survey;
			sourceTree = "<group>";
		};
		60BEBACC1F93A2E200DC897C /* Notification */ = {
			isa = PBXGroup;
			children = (
				608A229A1F938BE800DD9DE0 /* EventNotificationViewController.swift */,
			);
			name = Notification;
			sourceTree = "<group>";
		};
		60C6C3581F640FB000CCE3D9 /* Base */ = {
			isa = PBXGroup;
			children = (
				60C6C3591F640FC800CCE3D9 /* BaseViewController.swift */,
			);
			name = Base;
			sourceTree = "<group>";
		};
/* End PBXGroup section */

/* Begin PBXNativeTarget section */
		605016E61F604C20000A8428 /* Beamore */ = {
			isa = PBXNativeTarget;
			buildConfigurationList = 605017111F604C20000A8428 /* Build configuration list for PBXNativeTarget "Beamore" */;
			buildPhases = (
				605016E31F604C20000A8428 /* Sources */,
				605016E41F604C20000A8428 /* Frameworks */,
				605016E51F604C20000A8428 /* Resources */,
			);
			buildRules = (
			);
			dependencies = (
			);
			name = Beamore;
			productName = Beamore;
			productReference = 605016E71F604C20000A8428 /* Beamore.app */;
			productType = "com.apple.product-type.application";
		};
/* End PBXNativeTarget section */

/* Begin PBXProject section */
		605016DF1F604C20000A8428 /* Project object */ = {
			isa = PBXProject;
			attributes = {
				LastSwiftUpdateCheck = 0830;
				LastUpgradeCheck = 0900;
				ORGANIZATIONNAME = "Onur Celik";
				TargetAttributes = {
					605016E61F604C20000A8428 = {
						CreatedOnToolsVersion = 8.3.3;
						DevelopmentTeam = Y9BJGDH56U;
						LastSwiftMigration = 0900;
						ProvisioningStyle = Automatic;
					};
				};
			};
			buildConfigurationList = 605016E21F604C20000A8428 /* Build configuration list for PBXProject "Beamore" */;
			compatibilityVersion = "Xcode 3.2";
			developmentRegion = English;
			hasScannedForEncodings = 0;
			knownRegions = (
				en,
				Base,
			);
			mainGroup = 605016DE1F604C20000A8428;
			productRefGroup = 605016E81F604C20000A8428 /* Products */;
			projectDirPath = "";
			projectRoot = "";
			targets = (
				605016E61F604C20000A8428 /* Beamore */,
			);
		};
/* End PBXProject section */

/* Begin PBXResourcesBuildPhase section */
		605016E51F604C20000A8428 /* Resources */ = {
			isa = PBXResourcesBuildPhase;
			buildActionMask = 2147483647;
			files = (
				605016F71F604C20000A8428 /* LaunchScreen.storyboard in Resources */,
				605016F41F604C20000A8428 /* Assets.xcassets in Resources */,
				605016F21F604C20000A8428 /* Main.storyboard in Resources */,
			);
			runOnlyForDeploymentPostprocessing = 0;
		};
/* End PBXResourcesBuildPhase section */

/* Begin PBXSourcesBuildPhase section */
		605016E31F604C20000A8428 /* Sources */ = {
			isa = PBXSourcesBuildPhase;
			buildActionMask = 2147483647;
			files = (
				60BEBACE1F93A33900DC897C /* EventFlowDetailViewController.swift in Sources */,
				60EFA5911F744E6400899A56 /* TokenModel.swift in Sources */,
				608A229B1F938BE800DD9DE0 /* EventNotificationViewController.swift in Sources */,
				60EFA58F1F744D8A00899A56 /* AccountService.swift in Sources */,
				605017201F604E21000A8428 /* LoginViewController.swift in Sources */,
				60FCBB681F9357A6005172B3 /* EventFlowModel.swift in Sources */,
				608A22991F937BB200DD9DE0 /* HeaderCell.swift in Sources */,
				60DAF9151F8F5F2D000403C7 /* DiscoverEventModel.swift in Sources */,
				60BEBAC21F93900900DC897C /* EventSurveyViewController.swift in Sources */,
				6001CE9A1F90E65900B4A0CE /* TabBarViewController.swift in Sources */,
				60D0FAED1F8617F8008A14E2 /* ResultModel.swift in Sources */,
				608A22961F93617D00DD9DE0 /* EventFlowViewController.swift in Sources */,
				605017301F60528E000A8428 /* DiscoverViewController.swift in Sources */,
				60C6C3531F64097900CCE3D9 /* EventTableViewCell.swift in Sources */,
				60BEBAC61F93926400DC897C /* SurveyService.swift in Sources */,
				60BEBAC41F93913000DC897C /* SurveyModel.swift in Sources */,
				60D95DD41F85668D00FF06C0 /* EventService.swift in Sources */,
				60C4CE821F9295A1006607DE /* EventParticipantModel.swift in Sources */,
				60BEBAD01F93A36100DC897C /* EventFlowDetailModel.swift in Sources */,
				6062B40D1F90AA54003489BF /* ForgotPasswordViewController.swift in Sources */,
				605017221F604E6A000A8428 /* RegisterViewController.swift in Sources */,
				60C6C35A1F640FC800CCE3D9 /* BaseViewController.swift in Sources */,
				605017291F6051DE000A8428 /* ProfileViewController.swift in Sources */,
				605017321F605320000A8428 /* EventViewController.swift in Sources */,
				605017371F605A7B000A8428 /* EventDetailsViewController.swift in Sources */,
				60C6C3551F640ECE00CCE3D9 /* DiscoverTableViewCell.swift in Sources */,
				60D0FAEF1F861898008A14E2 /* EventModel.swift in Sources */,
				60DAF9131F8ED1A3000403C7 /* NotificationService.swift in Sources */,
				605016EB1F604C20000A8428 /* AppDelegate.swift in Sources */,
				60BEBAC81F9394DA00DC897C /* EventHomeViewController.swift in Sources */,
				60DAF9111F8ED141000403C7 /* NotificationModel.swift in Sources */,
			);
			runOnlyForDeploymentPostprocessing = 0;
		};
/* End PBXSourcesBuildPhase section */

/* Begin PBXVariantGroup section */
		605016F01F604C20000A8428 /* Main.storyboard */ = {
			isa = PBXVariantGroup;
			children = (
				605016F11F604C20000A8428 /* Base */,
			);
			name = Main.storyboard;
			sourceTree = "<group>";
		};
		605016F51F604C20000A8428 /* LaunchScreen.storyboard */ = {
			isa = PBXVariantGroup;
			children = (
				605016F61F604C20000A8428 /* Base */,
			);
			name = LaunchScreen.storyboard;
			sourceTree = "<group>";
		};
/* End PBXVariantGroup section */

/* Begin XCBuildConfiguration section */
		6050170F1F604C20000A8428 /* Debug */ = {
			isa = XCBuildConfiguration;
			buildSettings = {
				ALWAYS_SEARCH_USER_PATHS = NO;
				CLANG_ANALYZER_NONNULL = YES;
				CLANG_ANALYZER_NUMBER_OBJECT_CONVERSION = YES_AGGRESSIVE;
				CLANG_CXX_LANGUAGE_STANDARD = "gnu++0x";
				CLANG_CXX_LIBRARY = "libc++";
				CLANG_ENABLE_MODULES = YES;
				CLANG_ENABLE_OBJC_ARC = YES;
				CLANG_WARN_BLOCK_CAPTURE_AUTORELEASING = YES;
				CLANG_WARN_BOOL_CONVERSION = YES;
				CLANG_WARN_COMMA = YES;
				CLANG_WARN_CONSTANT_CONVERSION = YES;
				CLANG_WARN_DIRECT_OBJC_ISA_USAGE = YES_ERROR;
				CLANG_WARN_DOCUMENTATION_COMMENTS = YES;
				CLANG_WARN_EMPTY_BODY = YES;
				CLANG_WARN_ENUM_CONVERSION = YES;
				CLANG_WARN_INFINITE_RECURSION = YES;
				CLANG_WARN_INT_CONVERSION = YES;
				CLANG_WARN_NON_LITERAL_NULL_CONVERSION = YES;
				CLANG_WARN_OBJC_LITERAL_CONVERSION = YES;
				CLANG_WARN_OBJC_ROOT_CLASS = YES_ERROR;
				CLANG_WARN_RANGE_LOOP_ANALYSIS = YES;
				CLANG_WARN_STRICT_PROTOTYPES = YES;
				CLANG_WARN_SUSPICIOUS_MOVE = YES;
				CLANG_WARN_UNREACHABLE_CODE = YES;
				CLANG_WARN__DUPLICATE_METHOD_MATCH = YES;
				"CODE_SIGN_IDENTITY[sdk=iphoneos*]" = "iPhone Developer";
				COPY_PHASE_STRIP = NO;
				DEBUG_INFORMATION_FORMAT = dwarf;
				ENABLE_STRICT_OBJC_MSGSEND = YES;
				ENABLE_TESTABILITY = YES;
				GCC_C_LANGUAGE_STANDARD = gnu99;
				GCC_DYNAMIC_NO_PIC = NO;
				GCC_NO_COMMON_BLOCKS = YES;
				GCC_OPTIMIZATION_LEVEL = 0;
				GCC_PREPROCESSOR_DEFINITIONS = (
					"DEBUG=1",
					"$(inherited)",
				);
				GCC_WARN_64_TO_32_BIT_CONVERSION = YES;
				GCC_WARN_ABOUT_RETURN_TYPE = YES_ERROR;
				GCC_WARN_UNDECLARED_SELECTOR = YES;
				GCC_WARN_UNINITIALIZED_AUTOS = YES_AGGRESSIVE;
				GCC_WARN_UNUSED_FUNCTION = YES;
				GCC_WARN_UNUSED_VARIABLE = YES;
				IPHONEOS_DEPLOYMENT_TARGET = 11.0;
				MTL_ENABLE_DEBUG_INFO = YES;
				ONLY_ACTIVE_ARCH = YES;
				SDKROOT = iphoneos;
				SWIFT_ACTIVE_COMPILATION_CONDITIONS = DEBUG;
				SWIFT_OPTIMIZATION_LEVEL = "-Onone";
			};
			name = Debug;
		};
		605017101F604C20000A8428 /* Release */ = {
			isa = XCBuildConfiguration;
			buildSettings = {
				ALWAYS_SEARCH_USER_PATHS = NO;
				CLANG_ANALYZER_NONNULL = YES;
				CLANG_ANALYZER_NUMBER_OBJECT_CONVERSION = YES_AGGRESSIVE;
				CLANG_CXX_LANGUAGE_STANDARD = "gnu++0x";
				CLANG_CXX_LIBRARY = "libc++";
				CLANG_ENABLE_MODULES = YES;
				CLANG_ENABLE_OBJC_ARC = YES;
				CLANG_WARN_BLOCK_CAPTURE_AUTORELEASING = YES;
				CLANG_WARN_BOOL_CONVERSION = YES;
				CLANG_WARN_COMMA = YES;
				CLANG_WARN_CONSTANT_CONVERSION = YES;
				CLANG_WARN_DIRECT_OBJC_ISA_USAGE = YES_ERROR;
				CLANG_WARN_DOCUMENTATION_COMMENTS = YES;
				CLANG_WARN_EMPTY_BODY = YES;
				CLANG_WARN_ENUM_CONVERSION = YES;
				CLANG_WARN_INFINITE_RECURSION = YES;
				CLANG_WARN_INT_CONVERSION = YES;
				CLANG_WARN_NON_LITERAL_NULL_CONVERSION = YES;
				CLANG_WARN_OBJC_LITERAL_CONVERSION = YES;
				CLANG_WARN_OBJC_ROOT_CLASS = YES_ERROR;
				CLANG_WARN_RANGE_LOOP_ANALYSIS = YES;
				CLANG_WARN_STRICT_PROTOTYPES = YES;
				CLANG_WARN_SUSPICIOUS_MOVE = YES;
				CLANG_WARN_UNREACHABLE_CODE = YES;
				CLANG_WARN__DUPLICATE_METHOD_MATCH = YES;
				"CODE_SIGN_IDENTITY[sdk=iphoneos*]" = "iPhone Developer";
				COPY_PHASE_STRIP = NO;
				DEBUG_INFORMATION_FORMAT = "dwarf-with-dsym";
				ENABLE_NS_ASSERTIONS = NO;
				ENABLE_STRICT_OBJC_MSGSEND = YES;
				GCC_C_LANGUAGE_STANDARD = gnu99;
				GCC_NO_COMMON_BLOCKS = YES;
				GCC_WARN_64_TO_32_BIT_CONVERSION = YES;
				GCC_WARN_ABOUT_RETURN_TYPE = YES_ERROR;
				GCC_WARN_UNDECLARED_SELECTOR = YES;
				GCC_WARN_UNINITIALIZED_AUTOS = YES_AGGRESSIVE;
				GCC_WARN_UNUSED_FUNCTION = YES;
				GCC_WARN_UNUSED_VARIABLE = YES;
				IPHONEOS_DEPLOYMENT_TARGET = 11.0;
				MTL_ENABLE_DEBUG_INFO = NO;
				SDKROOT = iphoneos;
				SWIFT_OPTIMIZATION_LEVEL = "-Owholemodule";
				VALIDATE_PRODUCT = YES;
			};
			name = Release;
		};
		605017121F604C20000A8428 /* Debug */ = {
			isa = XCBuildConfiguration;
			buildSettings = {
				ASSETCATALOG_COMPILER_APPICON_NAME = AppIcon;
				DEVELOPMENT_TEAM = Y9BJGDH56U;
				INFOPLIST_FILE = Beamore/Info.plist;
				IPHONEOS_DEPLOYMENT_TARGET = 11.0;
				LD_RUNPATH_SEARCH_PATHS = "$(inherited) @executable_path/Frameworks";
				PRODUCT_BUNDLE_IDENTIFIER = ersinyildiz.Beamore;
				PRODUCT_NAME = "$(TARGET_NAME)";
				SWIFT_SWIFT3_OBJC_INFERENCE = On;
				SWIFT_VERSION = 4.0;
			};
			name = Debug;
		};
		605017131F604C20000A8428 /* Release */ = {
			isa = XCBuildConfiguration;
			buildSettings = {
				ASSETCATALOG_COMPILER_APPICON_NAME = AppIcon;
				DEVELOPMENT_TEAM = Y9BJGDH56U;
				INFOPLIST_FILE = Beamore/Info.plist;
				IPHONEOS_DEPLOYMENT_TARGET = 11.0;
				LD_RUNPATH_SEARCH_PATHS = "$(inherited) @executable_path/Frameworks";
				PRODUCT_BUNDLE_IDENTIFIER = ersinyildiz.Beamore;
				PRODUCT_NAME = "$(TARGET_NAME)";
				SWIFT_SWIFT3_OBJC_INFERENCE = On;
				SWIFT_VERSION = 4.0;
			};
			name = Release;
		};
/* End XCBuildConfiguration section */

/* Begin XCConfigurationList section */
		605016E21F604C20000A8428 /* Build configuration list for PBXProject "Beamore" */ = {
			isa = XCConfigurationList;
			buildConfigurations = (
				6050170F1F604C20000A8428 /* Debug */,
				605017101F604C20000A8428 /* Release */,
			);
			defaultConfigurationIsVisible = 0;
			defaultConfigurationName = Release;
		};
		605017111F604C20000A8428 /* Build configuration list for PBXNativeTarget "Beamore" */ = {
			isa = XCConfigurationList;
			buildConfigurations = (
				605017121F604C20000A8428 /* Debug */,
				605017131F604C20000A8428 /* Release */,
			);
			defaultConfigurationIsVisible = 0;
			defaultConfigurationName = Release;
		};
/* End XCConfigurationList section */
	};
	rootObject = 605016DF1F604C20000A8428 /* Project object */;
}
